lockfileVersion: '9.0'

settings:
  autoInstallPeers: true

importers:
  .:
    dependencies:
      lodash:
        specifier: ^4.17.20
        version: 4.17.21
      express:
        specifier: ^4.18.0
        version: 4.18.2

packages:
  lodash@4.17.21:
    resolution: {integrity: sha512-abc123}
    engines: {node: '>=0.10.0'}

  express@4.18.2:
    resolution: {integrity: sha512-def456}
    engines: {node: '>= 0.10.0'}

  '@types/node@20.10.0':
    resolution: {integrity: sha512-ghi789}

  body-parser@1.20.1:
    resolution: {integrity: sha512-jkl012}
